<?xml version="1.0" encoding="utf-8"?>
<Project ToolsVersion="4.0" xmlns="http://schemas.microsoft.com/developer/msbuild/2003">
  <ItemGroup>
    <ClInclude Include="_Input\_\Research.hxx" />
    <ClInclude Include="_Input\_\Research\Debug.hxx">
      <Filter>Research</Filter>
    </ClInclude>
    <ClInclude Include="_Input\_\Research\Mouse.hxx">
      <Filter>Research</Filter>
    </ClInclude>
    <ClInclude Include="_Input\_\Research\Space1.hxx">
      <Filter>Research</Filter>
    </ClInclude>
    <ClInclude Include="_Input\_\Research\Time.hxx">
      <Filter>Research</Filter>
    </ClInclude>
    <ClInclude Include="_Input\_\Research\Video1.hxx">
      <Filter>Research</Filter>
    </ClInclude>
    <ClInclude Include="_Input\_\Research\Mouse\Absolute.hxx">
      <Filter>Research\Mouse</Filter>
    </ClInclude>
    <ClInclude Include="_Input\_\Research\Mouse\Button.hxx">
      <Filter>Research\Mouse</Filter>
    </ClInclude>
    <ClInclude Include="_Input\_\Research\Mouse\Cursor.hxx">
      <Filter>Research\Mouse</Filter>
    </ClInclude>
    <ClInclude Include="_Input\_\Research\Mouse\Pixel.hxx">
      <Filter>Research\Mouse</Filter>
    </ClInclude>
    <ClInclude Include="_Input\_\Research\Mouse\Rectangle.hxx">
      <Filter>Research\Mouse</Filter>
    </ClInclude>
    <ClInclude Include="_Input\_\Research\Mouse\Relative.hxx">
      <Filter>Research\Mouse</Filter>
    </ClInclude>
    <ClInclude Include="_Input\_\Research\Mouse\Square.hxx">
      <Filter>Research\Mouse</Filter>
    </ClInclude>
    <ClInclude Include="_Input\_\Research\Mouse\Wheel.hxx">
      <Filter>Research\Mouse</Filter>
    </ClInclude>
    <ClInclude Include="_Input\_\Research\Space1\Entity.hxx">
      <Filter>Research\Space1</Filter>
    </ClInclude>
    <ClInclude Include="_Input\_\Research\Space1\Ground.hxx">
      <Filter>Research\Space1</Filter>
    </ClInclude>
    <ClInclude Include="_Input\_\Research\Space1\Image.hxx">
      <Filter>Research\Space1</Filter>
    </ClInclude>
    <ClInclude Include="_Input\_\Research\Space1\Partition.hxx">
      <Filter>Research\Space1</Filter>
    </ClInclude>
    <ClInclude Include="_Input\_\Research\Keyboard.hxx">
      <Filter>Research</Filter>
    </ClInclude>
    <ClInclude Include="_Input\_\Research\Keyboard\Key.hxx">
      <Filter>Research\Keyboard</Filter>
    </ClInclude>
    <ClInclude Include="_Input\_\Research\Video1\Font.hxx">
      <Filter>Research\Video1</Filter>
    </ClInclude>
    <ClInclude Include="_Input\_\Research\Video1\Image.hxx">
      <Filter>Research\Video1</Filter>
    </ClInclude>
    <ClInclude Include="_Input\_\Research\Space2\Entity.hxx">
      <Filter>Research\Space2</Filter>
    </ClInclude>
    <ClInclude Include="_Input\_\Research\Space2\Ground.hxx">
      <Filter>Research\Space2</Filter>
    </ClInclude>
    <ClInclude Include="_Input\_\Research\Space2\Image.hxx">
      <Filter>Research\Space2</Filter>
    </ClInclude>
    <ClInclude Include="_Input\_\Research\Space2\Partition.hxx">
      <Filter>Research\Space2</Filter>
    </ClInclude>
    <ClInclude Include="_Input\_\Research\Video2\Font.hxx">
      <Filter>Research\Video2</Filter>
    </ClInclude>
    <ClInclude Include="_Input\_\Research\Video2\Image.hxx">
      <Filter>Research\Video2</Filter>
    </ClInclude>
    <ClInclude Include="_Input\_\Research\Space2.hxx">
      <Filter>Research</Filter>
    </ClInclude>
    <ClInclude Include="_Input\_\Research\Video2.hxx">
      <Filter>Research</Filter>
    </ClInclude>
    <ClInclude Include="_Input\_\Research\Space1\Entity.cxx">
      <Filter>Research\Space1</Filter>
    </ClInclude>
    <ClInclude Include="_Input\_\Research\Video1\Font.cxx">
      <Filter>Research\Video1</Filter>
    </ClInclude>
    <ClInclude Include="_Input\_\Research\Video1\Image.cxx">
      <Filter>Research\Video1</Filter>
    </ClInclude>
    <ClInclude Include="_Input\_\Research\Space1\Ground.cxx">
      <Filter>Research\Space1</Filter>
    </ClInclude>
    <ClInclude Include="_Input\_\Research\Space1\Image.cxx">
      <Filter>Research\Space1</Filter>
    </ClInclude>
    <ClInclude Include="_Input\_\Research\Space1\Partition.cxx">
      <Filter>Research\Space1</Filter>
    </ClInclude>
    <ClInclude Include="_Input\_\Research\Space1.cxx">
      <Filter>Research</Filter>
    </ClInclude>
    <ClInclude Include="_Input\_\Research\Video1.cxx">
      <Filter>Research</Filter>
    </ClInclude>
  </ItemGroup>
  <ItemGroup>
    <ClCompile Include="_Input\_\Research.cxx" />
    <ClCompile Include="_Input\_\Research\Debug.cxx">
      <Filter>Research</Filter>
    </ClCompile>
    <ClCompile Include="_Input\_\Research\Mouse.cxx">
      <Filter>Research</Filter>
    </ClCompile>
    <ClCompile Include="_Input\_\Research\Time.cxx">
      <Filter>Research</Filter>
    </ClCompile>
    <ClCompile Include="_Input\_\Research\Mouse\Absolute.cxx">
      <Filter>Research\Mouse</Filter>
    </ClCompile>
    <ClCompile Include="_Input\_\Research\Mouse\Button.cxx">
      <Filter>Research\Mouse</Filter>
    </ClCompile>
    <ClCompile Include="_Input\_\Research\Mouse\Cursor.cxx">
      <Filter>Research\Mouse</Filter>
    </ClCompile>
    <ClCompile Include="_Input\_\Research\Mouse\Pixel.cxx">
      <Filter>Research\Mouse</Filter>
    </ClCompile>
    <ClCompile Include="_Input\_\Research\Mouse\Rectangle.cxx">
      <Filter>Research\Mouse</Filter>
    </ClCompile>
    <ClCompile Include="_Input\_\Research\Mouse\Relative.cxx">
      <Filter>Research\Mouse</Filter>
    </ClCompile>
    <ClCompile Include="_Input\_\Research\Mouse\Square.cxx">
      <Filter>Research\Mouse</Filter>
    </ClCompile>
    <ClCompile Include="_Input\_\Research\Mouse\Wheel.cxx">
      <Filter>Research\Mouse</Filter>
    </ClCompile>
    <ClCompile Include="_Input\_\Research\Keyboard.cxx">
      <Filter>Research</Filter>
    </ClCompile>
    <ClCompile Include="_Input\_\Research\Keyboard\Key.cxx">
      <Filter>Research\Keyboard</Filter>
    </ClCompile>
    <ClCompile Include="_Input\_\Research\Space2\Entity.cxx">
      <Filter>Research\Space2</Filter>
    </ClCompile>
    <ClCompile Include="_Input\_\Research\Space2\Ground.cxx">
      <Filter>Research\Space2</Filter>
    </ClCompile>
    <ClCompile Include="_Input\_\Research\Space2\Image.cxx">
      <Filter>Research\Space2</Filter>
    </ClCompile>
    <ClCompile Include="_Input\_\Research\Space2\Partition.cxx">
      <Filter>Research\Space2</Filter>
    </ClCompile>
    <ClCompile Include="_Input\_\Research\Video2\Font.cxx">
      <Filter>Research\Video2</Filter>
    </ClCompile>
    <ClCompile Include="_Input\_\Research\Video2\Image.cxx">
      <Filter>Research\Video2</Filter>
    </ClCompile>
    <ClCompile Include="_Input\_\Research\Video2.cxx">
      <Filter>Research</Filter>
    </ClCompile>
    <ClCompile Include="_Input\_\Research\Space2.cxx">
      <Filter>Research</Filter>
    </ClCompile>
  </ItemGroup>
  <ItemGroup>
    <Filter Include="Research">
      <UniqueIdentifier>{eb6a0017-5670-4b3c-b279-e256312b3432}</UniqueIdentifier>
    </Filter>
    <Filter Include="Research\Mouse">
      <UniqueIdentifier>{1a77593a-52c2-477e-94d7-5cdde148c25f}</UniqueIdentifier>
    </Filter>
    <Filter Include="Research\Space1">
      <UniqueIdentifier>{4fd239f3-5e0d-4906-9b17-08e8443c4c47}</UniqueIdentifier>
    </Filter>
    <Filter Include="Research\Keyboard">
      <UniqueIdentifier>{c923115f-803f-4618-86df-26e060fb1966}</UniqueIdentifier>
    </Filter>
    <Filter Include="Research\Video1">
      <UniqueIdentifier>{778f9d13-802e-4eaf-9d7b-15dae4b1fb45}</UniqueIdentifier>
    </Filter>
    <Filter Include="Research\Video2">
      <UniqueIdentifier>{a6763664-f962-4682-8ea0-e516a87fc806}</UniqueIdentifier>
    </Filter>
    <Filter Include="Research\Space2">
      <UniqueIdentifier>{7f58a9cc-943e-4328-bb99-d97b9127066c}</UniqueIdentifier>
    </Filter>
  </ItemGroup>
</Project>