<?xml version="1.0" encoding="utf-8"?>
<Project ToolsVersion="4.0" xmlns="http://schemas.microsoft.com/developer/msbuild/2003">
  <ItemGroup>
    <ClInclude Include="_Input\_\Research.hxx" />
    <ClInclude Include="_Input\_\Research\Debug.hxx">
      <Filter>Research</Filter>
    </ClInclude>
    <ClInclude Include="_Input\_\Research\Mouse.hxx">
      <Filter>Research</Filter>
    </ClInclude>
    <ClInclude Include="_Input\_\Research\Space1.hxx">
      <Filter>Research</Filter>
    </ClInclude>
    <ClInclude Include="_Input\_\Research\Time.hxx">
      <Filter>Research</Filter>
    </ClInclude>
    <ClInclude Include="_Input\_\Research\Video1.hxx">
      <Filter>Research</Filter>
    </ClInclude>
    <ClInclude Include="_Input\_\Research\Mouse\Absolute.hxx">
      <Filter>Research\Mouse</Filter>
    </ClInclude>
    <ClInclude Include="_Input\_\Research\Mouse\Button.hxx">
      <Filter>Research\Mouse</Filter>
    </ClInclude>
    <ClInclude Include="_Input\_\Research\Mouse\Cursor.hxx">
      <Filter>Research\Mouse</Filter>
    </ClInclude>
    <ClInclude Include="_Input\_\Research\Mouse\Pixel.hxx">
      <Filter>Research\Mouse</Filter>
    </ClInclude>
    <ClInclude Include="_Input\_\Research\Mouse\Rectangle.hxx">
      <Filter>Research\Mouse</Filter>
    </ClInclude>
    <ClInclude Include="_Input\_\Research\Mouse\Relative.hxx">
      <Filter>Research\Mouse</Filter>
    </ClInclude>
    <ClInclude Include="_Input\_\Research\Mouse\Square.hxx">
      <Filter>Research\Mouse</Filter>
    </ClInclude>
    <ClInclude Include="_Input\_\Research\Mouse\Wheel.hxx">
      <Filter>Research\Mouse</Filter>
    </ClInclude>
    <ClInclude Include="_Input\_\Research\Space1\Entity.hxx">
      <Filter>Research\Space1</Filter>
    </ClInclude>
    <ClInclude Include="_Input\_\Research\Space1\Ground.hxx">
      <Filter>Research\Space1</Filter>
    </ClInclude>
    <ClInclude Include="_Input\_\Research\Space1\Image.hxx">
      <Filter>Research\Space1</Filter>
    </ClInclude>
    <ClInclude Include="_Input\_\Research\Space1\Partition.hxx">
      <Filter>Research\Space1</Filter>
    </ClInclude>
    <ClInclude Include="_Input\_\Research\Keyboard.hxx">
      <Filter>Research</Filter>
    </ClInclude>
    <ClInclude Include="_Input\_\Research\Keyboard\Key.hxx">
      <Filter>Research\Keyboard</Filter>
    </ClInclude>
    <ClInclude Include="_Input\_\Research\Video1\Font.hxx">
      <Filter>Research\Video1</Filter>
    </ClInclude>
    <ClInclude Include="_Input\_\Research\Video1\Image.hxx">
      <Filter>Research\Video1</Filter>
    </ClInclude>
    <ClInclude Include="_Input\_\Research\Space2\Entity.hxx">
      <Filter>Research\Space2</Filter>
    </ClInclude>
    <ClInclude Include="_Input\_\Research\Space2\Ground.hxx">
      <Filter>Research\Space2</Filter>
    </ClInclude>
    <ClInclude Include="_Input\_\Research\Space2\Image.hxx">
      <Filter>Research\Space2</Filter>
    </ClInclude>
    <ClInclude Include="_Input\_\Research\Space2\Partition.hxx">
      <Filter>Research\Space2</Filter>
    </ClInclude>
    <ClInclude Include="_Input\_\Research\Video2\Font.hxx">
      <Filter>Research\Video2</Filter>
    </ClInclude>
    <ClInclude Include="_Input\_\Research\Video2\Image.hxx">
      <Filter>Research\Video2</Filter>
    </ClInclude>
    <ClInclude Include="_Input\_\Research\Space2.hxx">
      <Filter>Research</Filter>
    </ClInclude>
    <ClInclude Include="_Input\_\Research\Video2.hxx">
      <Filter>Research</Filter>
    </ClInclude>
    <ClInclude Include="_Input\_\Research\Space1\Entity.cxx">
      <Filter>Research\Space1</Filter>
    </ClInclude>
    <ClInclude Include="_Input\_\Research\Video1\Font.cxx">
      <Filter>Research\Video1</Filter>
    </ClInclude>
    <ClInclude Include="_Input\_\Research\Video1\Image.cxx">
      <Filter>Research\Video1</Filter>
    </ClInclude>
    <ClInclude Include="_Input\_\Research\Space1\Ground.cxx">
      <Filter>Research\Space1</Filter>
    </ClInclude>
    <ClInclude Include="_Input\_\Research\Space1\Image.cxx">
      <Filter>Research\Space1</Filter>
    </ClInclude>
    <ClInclude Include="_Input\_\Research\Space1\Partition.cxx">
      <Filter>Research\Space1</Filter>
    </ClInclude>
    <ClInclude Include="_Input\_\Research\Space1.cxx">
      <Filter>Research</Filter>
    </ClInclude>
    <ClInclude Include="_Input\_\Research\Video1.cxx">
      <Filter>Research</Filter>
    </ClInclude>
    <ClInclude Include="_Input\_\Research\Space3.hxx">
      <Filter>Research</Filter>
    </ClInclude>
    <ClInclude Include="_Input\_\Research\Video3.hxx">
      <Filter>Research</Filter>
    </ClInclude>
    <ClInclude Include="_Input\_\Research\Space3\Entity.hxx">
      <Filter>Research\Space3</Filter>
    </ClInclude>
    <ClInclude Include="_Input\_\Research\Space3\Ground.hxx">
      <Filter>Research\Space3</Filter>
    </ClInclude>
    <ClInclude Include="_Input\_\Research\Space3\Image.hxx">
      <Filter>Research\Space3</Filter>
    </ClInclude>
    <ClInclude Include="_Input\_\Research\Space3\Partition.hxx">
      <Filter>Research\Space3</Filter>
    </ClInclude>
    <ClInclude Include="_Input\_\Research\Video3\Font.hxx">
      <Filter>Research\Video3</Filter>
    </ClInclude>
    <ClInclude Include="_Input\_\Research\Video3\Image.hxx">
      <Filter>Research\Video3</Filter>
    </ClInclude>
    <ClInclude Include="_Input\_\Research\Space2\Entity.cxx">
      <Filter>Research\Space2</Filter>
    </ClInclude>
    <ClInclude Include="_Input\_\Research\Space2\Ground.cxx">
      <Filter>Research\Space2</Filter>
    </ClInclude>
    <ClInclude Include="_Input\_\Research\Space2\Image.cxx">
      <Filter>Research\Space2</Filter>
    </ClInclude>
    <ClInclude Include="_Input\_\Research\Space2\Partition.cxx">
      <Filter>Research\Space2</Filter>
    </ClInclude>
    <ClInclude Include="_Input\_\Research\Video2\Font.cxx">
      <Filter>Research\Video2</Filter>
    </ClInclude>
    <ClInclude Include="_Input\_\Research\Video2\Image.cxx">
      <Filter>Research\Video2</Filter>
    </ClInclude>
    <ClInclude Include="_Input\_\Research\Space2.cxx">
      <Filter>Research</Filter>
    </ClInclude>
    <ClInclude Include="_Input\_\Research\Video2.cxx">
      <Filter>Research</Filter>
    </ClInclude>
    <ClInclude Include="_Input\_\Research\Video4.hxx">
      <Filter>Research</Filter>
    </ClInclude>
    <ClInclude Include="_Input\_\Research\Space4.hxx">
      <Filter>Research</Filter>
    </ClInclude>
    <ClInclude Include="_Input\_\Research\Space4\Entity.hxx">
      <Filter>Research\Space4</Filter>
    </ClInclude>
    <ClInclude Include="_Input\_\Research\Space4\Ground.hxx">
      <Filter>Research\Space4</Filter>
    </ClInclude>
    <ClInclude Include="_Input\_\Research\Space4\Partition.hxx">
      <Filter>Research\Space4</Filter>
    </ClInclude>
    <ClInclude Include="_Input\_\Research\Video4\Font.hxx">
      <Filter>Research\Video4</Filter>
    </ClInclude>
    <ClInclude Include="_Input\_\Research\Space4\Image.hxx">
      <Filter>Research\Space4</Filter>
    </ClInclude>
    <ClInclude Include="_Input\_\Research\Video4\Image.hxx">
      <Filter>Research\Video4</Filter>
    </ClInclude>
    <ClInclude Include="_Input\_\Research\Space3\Entity.cxx">
      <Filter>Research\Space3</Filter>
    </ClInclude>
    <ClInclude Include="_Input\_\Research\Space3\Ground.cxx">
      <Filter>Research\Space3</Filter>
    </ClInclude>
    <ClInclude Include="_Input\_\Research\Space3\Image.cxx">
      <Filter>Research\Space3</Filter>
    </ClInclude>
    <ClInclude Include="_Input\_\Research\Space3\Partition.cxx">
      <Filter>Research\Space3</Filter>
    </ClInclude>
    <ClInclude Include="_Input\_\Research\Video3\Font.cxx">
      <Filter>Research\Video3</Filter>
    </ClInclude>
    <ClInclude Include="_Input\_\Research\Video3\Image.cxx">
      <Filter>Research\Video3</Filter>
    </ClInclude>
    <ClInclude Include="_Input\_\Research\Space3.cxx">
      <Filter>Research</Filter>
    </ClInclude>
    <ClInclude Include="_Input\_\Research\Video3.cxx">
      <Filter>Research</Filter>
    </ClInclude>
    <ClInclude Include="_Input\_\Research\Space5.hxx">
      <Filter>Research</Filter>
    </ClInclude>
    <ClInclude Include="_Input\_\Research\Video5.hxx">
      <Filter>Research</Filter>
    </ClInclude>
    <ClInclude Include="_Input\_\Research\Video5\Font.hxx">
      <Filter>Research\Video5</Filter>
    </ClInclude>
    <ClInclude Include="_Input\_\Research\Video5\Image.hxx">
      <Filter>Research\Video5</Filter>
    </ClInclude>
    <ClInclude Include="_Input\_\Research\Space5\Entity.hxx">
      <Filter>Research\Space5</Filter>
    </ClInclude>
    <ClInclude Include="_Input\_\Research\Space5\Ground.hxx">
      <Filter>Research\Space5</Filter>
    </ClInclude>
    <ClInclude Include="_Input\_\Research\Space5\Image.hxx">
      <Filter>Research\Space5</Filter>
    </ClInclude>
    <ClInclude Include="_Input\_\Research\Video4\Font.cxx">
      <Filter>Research\Video4</Filter>
    </ClInclude>
    <ClInclude Include="_Input\_\Research\Video4\Image.cxx">
      <Filter>Research\Video4</Filter>
    </ClInclude>
    <ClInclude Include="_Input\_\Research\Space4\Entity.cxx">
      <Filter>Research\Space4</Filter>
    </ClInclude>
    <ClInclude Include="_Input\_\Research\Space4\Ground.cxx">
      <Filter>Research\Space4</Filter>
    </ClInclude>
    <ClInclude Include="_Input\_\Research\Space4\Image.cxx">
      <Filter>Research\Space4</Filter>
    </ClInclude>
    <ClInclude Include="_Input\_\Research\Space4\Partition.cxx">
      <Filter>Research\Space4</Filter>
    </ClInclude>
    <ClInclude Include="_Input\_\Research\Space4.cxx">
      <Filter>Research</Filter>
    </ClInclude>
    <ClInclude Include="_Input\_\Research\Video4.cxx">
      <Filter>Research</Filter>
    </ClInclude>
    <ClInclude Include="_Input\_\Research\Space5\Entity.cxx">
      <Filter>Research\Space5</Filter>
    </ClInclude>
    <ClInclude Include="_Input\_\Research\Space5\Ground.cxx">
      <Filter>Research\Space5</Filter>
    </ClInclude>
    <ClInclude Include="_Input\_\Research\Space5\Image.cxx">
      <Filter>Research\Space5</Filter>
    </ClInclude>
    <ClInclude Include="_Input\_\Research\Video5\Font.cxx">
      <Filter>Research\Video5</Filter>
    </ClInclude>
    <ClInclude Include="_Input\_\Research\Video5\Image.cxx">
      <Filter>Research\Video5</Filter>
    </ClInclude>
    <ClInclude Include="_Input\_\Research\Space5.cxx">
      <Filter>Research</Filter>
    </ClInclude>
    <ClInclude Include="_Input\_\Research\Video5.cxx">
      <Filter>Research</Filter>
    </ClInclude>
    <ClInclude Include="_Input\_\Research\Space6.hxx">
      <Filter>Research</Filter>
    </ClInclude>
    <ClInclude Include="_Input\_\Research\Video6.hxx">
      <Filter>Research</Filter>
    </ClInclude>
    <ClInclude Include="_Input\_\Research\Space6\Entity.hxx">
      <Filter>Research\Space6</Filter>
    </ClInclude>
    <ClInclude Include="_Input\_\Research\Space6\Ground.hxx">
      <Filter>Research\Space6</Filter>
    </ClInclude>
    <ClInclude Include="_Input\_\Research\Space6\Image.hxx">
      <Filter>Research\Space6</Filter>
    </ClInclude>
    <ClInclude Include="_Input\_\Research\Video6\Font.hxx">
      <Filter>Research\Video6</Filter>
    </ClInclude>
    <ClInclude Include="_Input\_\Research\Video6\Image.hxx">
      <Filter>Research\Video6</Filter>
    </ClInclude>
    <ClInclude Include="_Input\_\Research\Space6\Entity.cxx">
      <Filter>Research\Space6</Filter>
    </ClInclude>
    <ClInclude Include="_Input\_\Research\Space6\Ground.cxx">
      <Filter>Research\Space6</Filter>
    </ClInclude>
    <ClInclude Include="_Input\_\Research\Space6\Image.cxx">
      <Filter>Research\Space6</Filter>
    </ClInclude>
    <ClInclude Include="_Input\_\Research\Video6\Font.cxx">
      <Filter>Research\Video6</Filter>
    </ClInclude>
    <ClInclude Include="_Input\_\Research\Video6\Image.cxx">
      <Filter>Research\Video6</Filter>
    </ClInclude>
    <ClInclude Include="_Input\_\Research\Space6.cxx">
      <Filter>Research</Filter>
    </ClInclude>
    <ClInclude Include="_Input\_\Research\Video6.cxx">
      <Filter>Research</Filter>
    </ClInclude>
    <ClInclude Include="_Input\_\Research\Space7.hxx">
      <Filter>Research</Filter>
    </ClInclude>
    <ClInclude Include="_Input\_\Research\Video7.hxx">
      <Filter>Research</Filter>
    </ClInclude>
    <ClInclude Include="_Input\_\Research\Space7\Entity.hxx">
      <Filter>Research\Space7</Filter>
    </ClInclude>
    <ClInclude Include="_Input\_\Research\Space7\Ground.hxx">
      <Filter>Research\Space7</Filter>
    </ClInclude>
    <ClInclude Include="_Input\_\Research\Space7\Image.hxx">
      <Filter>Research\Space7</Filter>
    </ClInclude>
    <ClInclude Include="_Input\_\Research\Video7\Font.hxx">
      <Filter>Research\Video7</Filter>
    </ClInclude>
    <ClInclude Include="_Input\_\Research\Video7\Image.hxx">
      <Filter>Research\Video7</Filter>
    </ClInclude>
  </ItemGroup>
  <ItemGroup>
    <ClCompile Include="_Input\_\Research.cxx" />
    <ClCompile Include="_Input\_\Research\Debug.cxx">
      <Filter>Research</Filter>
    </ClCompile>
    <ClCompile Include="_Input\_\Research\Mouse.cxx">
      <Filter>Research</Filter>
    </ClCompile>
    <ClCompile Include="_Input\_\Research\Time.cxx">
      <Filter>Research</Filter>
    </ClCompile>
    <ClCompile Include="_Input\_\Research\Mouse\Absolute.cxx">
      <Filter>Research\Mouse</Filter>
    </ClCompile>
    <ClCompile Include="_Input\_\Research\Mouse\Button.cxx">
      <Filter>Research\Mouse</Filter>
    </ClCompile>
    <ClCompile Include="_Input\_\Research\Mouse\Cursor.cxx">
      <Filter>Research\Mouse</Filter>
    </ClCompile>
    <ClCompile Include="_Input\_\Research\Mouse\Pixel.cxx">
      <Filter>Research\Mouse</Filter>
    </ClCompile>
    <ClCompile Include="_Input\_\Research\Mouse\Rectangle.cxx">
      <Filter>Research\Mouse</Filter>
    </ClCompile>
    <ClCompile Include="_Input\_\Research\Mouse\Relative.cxx">
      <Filter>Research\Mouse</Filter>
    </ClCompile>
    <ClCompile Include="_Input\_\Research\Mouse\Square.cxx">
      <Filter>Research\Mouse</Filter>
    </ClCompile>
    <ClCompile Include="_Input\_\Research\Mouse\Wheel.cxx">
      <Filter>Research\Mouse</Filter>
    </ClCompile>
    <ClCompile Include="_Input\_\Research\Keyboard.cxx">
      <Filter>Research</Filter>
    </ClCompile>
    <ClCompile Include="_Input\_\Research\Keyboard\Key.cxx">
      <Filter>Research\Keyboard</Filter>
    </ClCompile>
    <ClCompile Include="_Input\_\Research\Space7.cxx">
      <Filter>Research</Filter>
    </ClCompile>
    <ClCompile Include="_Input\_\Research\Video7.cxx">
      <Filter>Research</Filter>
    </ClCompile>
    <ClCompile Include="_Input\_\Research\Space7\Entity.cxx">
      <Filter>Research\Space7</Filter>
    </ClCompile>
    <ClCompile Include="_Input\_\Research\Space7\Ground.cxx">
      <Filter>Research\Space7</Filter>
    </ClCompile>
    <ClCompile Include="_Input\_\Research\Space7\Image.cxx">
      <Filter>Research\Space7</Filter>
    </ClCompile>
    <ClCompile Include="_Input\_\Research\Video7\Font.cxx">
      <Filter>Research\Video7</Filter>
    </ClCompile>
    <ClCompile Include="_Input\_\Research\Video7\Image.cxx">
      <Filter>Research\Video7</Filter>
    </ClCompile>
  </ItemGroup>
  <ItemGroup>
    <Filter Include="Research">
      <UniqueIdentifier>{eb6a0017-5670-4b3c-b279-e256312b3432}</UniqueIdentifier>
    </Filter>
    <Filter Include="Research\Mouse">
      <UniqueIdentifier>{1a77593a-52c2-477e-94d7-5cdde148c25f}</UniqueIdentifier>
    </Filter>
    <Filter Include="Research\Space1">
      <UniqueIdentifier>{4fd239f3-5e0d-4906-9b17-08e8443c4c47}</UniqueIdentifier>
    </Filter>
    <Filter Include="Research\Keyboard">
      <UniqueIdentifier>{c923115f-803f-4618-86df-26e060fb1966}</UniqueIdentifier>
    </Filter>
    <Filter Include="Research\Video1">
      <UniqueIdentifier>{778f9d13-802e-4eaf-9d7b-15dae4b1fb45}</UniqueIdentifier>
    </Filter>
    <Filter Include="Research\Video2">
      <UniqueIdentifier>{a6763664-f962-4682-8ea0-e516a87fc806}</UniqueIdentifier>
    </Filter>
    <Filter Include="Research\Space2">
      <UniqueIdentifier>{7f58a9cc-943e-4328-bb99-d97b9127066c}</UniqueIdentifier>
    </Filter>
    <Filter Include="Research\Space3">
      <UniqueIdentifier>{2619f793-4b61-47f1-b746-593360df2a85}</UniqueIdentifier>
    </Filter>
    <Filter Include="Research\Video3">
      <UniqueIdentifier>{e4a95eb9-dae1-4eba-9171-6a49345c0ae8}</UniqueIdentifier>
    </Filter>
    <Filter Include="Research\Space4">
      <UniqueIdentifier>{c61adf3b-03c5-45d9-b0aa-bfb11b2900f6}</UniqueIdentifier>
    </Filter>
    <Filter Include="Research\Video4">
      <UniqueIdentifier>{5698a1f3-1d4d-4a23-991d-923a3a3ae019}</UniqueIdentifier>
    </Filter>
    <Filter Include="Research\Video5">
      <UniqueIdentifier>{67d4492c-f362-486f-aa99-960dadae4101}</UniqueIdentifier>
    </Filter>
    <Filter Include="Research\Space5">
      <UniqueIdentifier>{a9f59f7f-dd96-419b-8089-629e90969a77}</UniqueIdentifier>
    </Filter>
    <Filter Include="Research\Space6">
      <UniqueIdentifier>{f3ed72ad-d671-4a72-9048-9ac2d9762773}</UniqueIdentifier>
    </Filter>
    <Filter Include="Research\Video6">
      <UniqueIdentifier>{961e5129-671c-41f0-bfcb-6df182d94fc7}</UniqueIdentifier>
    </Filter>
    <Filter Include="Research\Space7">
      <UniqueIdentifier>{5dc1c73a-c187-40bf-b408-0634015e9014}</UniqueIdentifier>
    </Filter>
    <Filter Include="Research\Video7">
      <UniqueIdentifier>{be85a4e7-a654-47c7-81cb-c312f05abe0c}</UniqueIdentifier>
    </Filter>
  </ItemGroup>
</Project>